
Microsoft Visual Studio Solution File, Format Version 12.00
# Visual Studio Version 17
VisualStudioVersion = 17.11.35327.3
MinimumVisualStudioVersion = 10.0.40219.1
Project("{9A19103F-16F7-4668-BE54-9A1E7A4F7556}") = "Simple_CRUD_App", "Simple_CRUD_App\Simple_CRUD_App.csproj", "{60B19AAF-129F-4E27-BE72-63E838B2F590}"
EndProject
Global
	GlobalSection(SolutionConfigurationPlatforms) = preSolution
		Debug|Any CPU = Debug|Any CPU
		Release|Any CPU = Release|Any CPU
	EndGlobalSection
	GlobalSection(ProjectConfigurationPlatforms) = postSolution
		{60B19AAF-129F-4E27-BE72-63E838B2F590}.Debug|Any CPU.ActiveCfg = Debug|Any CPU
		{60B19AAF-129F-4E27-BE72-63E838B2F590}.Debug|Any CPU.Build.0 = Debug|Any CPU
		{60B19AAF-129F-4E27-BE72-63E838B2F590}.Release|Any CPU.ActiveCfg = Release|Any CPU
		{60B19AAF-129F-4E27-BE72-63E838B2F590}.Release|Any CPU.Build.0 = Release|Any CPU
	EndGlobalSection
	GlobalSection(SolutionProperties) = preSolution
		HideSolutionNode = FALSE
	EndGlobalSection
	GlobalSection(ExtensibilityGlobals) = postSolution
		SolutionGuid = {59956D93-CE7C-4B2E-A8C8-31EEBD8AC61F}
	EndGlobalSection
EndGlobal
